{
	"name": "wx-qrcode",
	"version": "1.0.0",
	"lockfileVersion": 3,
	"requires": true,
	"packages": {
		"": {
			"name": "wx-qrcode",
			"version": "1.0.0",
			"dependencies": {
				"wx-openid": "file:../wx-openid"
			}
		},
		"../wx-openid": {
			"version": "1.0.0"
		},
		"node_modules/wx-openid": {
			"resolved": "../wx-openid",
			"link": true
		}
	}
}
