{
	"name": "wifi_list",
	"version": "1.0.0",
	"lockfileVersion": 3,
	"requires": true,
	"packages": {
		"": {
			"name": "wifi_list",
			"version": "1.0.0",
			"dependencies": {
				"wx-openid": "file:../common/wx-openid",
				"wx-qrcode": "file:../common/wx-qrcode"
			}
		},
		"../common/wx-openid": {
			"version": "1.0.0"
		},
		"../common/wx-qrcode": {
			"version": "1.0.0",
			"dependencies": {
				"wx-openid": "file:../wx-openid"
			}
		},
		"node_modules/wx-openid": {
			"resolved": "../common/wx-openid",
			"link": true
		},
		"node_modules/wx-qrcode": {
			"resolved": "../common/wx-qrcode",
			"link": true
		}
	}
}
